
Microsoft Visual Studio Solution File, Format Version 12.00
# Visual Studio Version 17
VisualStudioVersion = 17.0.31912.275
MinimumVisualStudioVersion = 10.0.40219.1
Project("{9A19103F-16F7-4668-BE54-9A1E7A4F7556}") = "QuizBuilder", "QuizBuilder\QuizBuilder.csproj", "{D0FBF9C9-A04A-4856-8655-E5CA8DA8554A}"
EndProject
Global
	GlobalSection(SolutionConfigurationPlatforms) = preSolution
		Debug|Any CPU = Debug|Any CPU
		Release|Any CPU = Release|Any CPU
	EndGlobalSection
	GlobalSection(ProjectConfigurationPlatforms) = postSolution
		{D0FBF9C9-A04A-4856-8655-E5CA8DA8554A}.Debug|Any CPU.ActiveCfg = Debug|Any CPU
		{D0FBF9C9-A04A-4856-8655-E5CA8DA8554A}.Debug|Any CPU.Build.0 = Debug|Any CPU
		{D0FBF9C9-A04A-4856-8655-E5CA8DA8554A}.Release|Any CPU.ActiveCfg = Release|Any CPU
		{D0FBF9C9-A04A-4856-8655-E5CA8DA8554A}.Release|Any CPU.Build.0 = Release|Any CPU
	EndGlobalSection
	GlobalSection(SolutionProperties) = preSolution
		HideSolutionNode = FALSE
	EndGlobalSection
	GlobalSection(ExtensibilityGlobals) = postSolution
		SolutionGuid = {06881606-9780-4759-B700-4E0DAFCA6CA1}
	EndGlobalSection
EndGlobal
